
Microsoft Visual Studio Solution File, Format Version 12.00
# Visual Studio Version 17
VisualStudioVersion = 17.8.34330.188
MinimumVisualStudioVersion = 10.0.40219.1
Project("{9A19103F-16F7-4668-BE54-9A1E7A4F7556}") = "IKProject", "IKProject\IKProject.csproj", "{FF4C5421-9F76-4614-BA98-88730767F468}"
EndProject
Project("{2150E333-8FDC-42A3-9474-1A3956D46DE8}") = "NTier", "NTier", "{E5F7FEA4-1B5C-46C8-B1BA-71F8BB1711A5}"
EndProject
Project("{FAE04EC0-301F-11D3-BF4B-00C04F79EFBC}") = "IKProject.BLL", "IKProject.BLL\IKProject.BLL.csproj", "{3D420126-3902-4A93-B145-530B53E1E978}"
EndProject
Project("{FAE04EC0-301F-11D3-BF4B-00C04F79EFBC}") = "IKProject.DAL", "IKProject.DAL\IKProject.DAL.csproj", "{321772CF-2E92-44BD-A150-82F75268C3A6}"
EndProject
Project("{FAE04EC0-301F-11D3-BF4B-00C04F79EFBC}") = "IKProject.DTO", "IKProject.DTO\IKProject.DTO.csproj", "{1B7513A4-EEFB-4B6F-A7C2-C6F864550F8B}"
EndProject
Project("{FAE04EC0-301F-11D3-BF4B-00C04F79EFBC}") = "IKProject.Entities", "IKProject.Entities\IKProject.Entities.csproj", "{433CCB3C-43F0-45C2-B401-764A8726D79C}"
EndProject
Project("{FAE04EC0-301F-11D3-BF4B-00C04F79EFBC}") = "IKProject.ViewModel", "IKProject.ViewModel\IKProject.ViewModel.csproj", "{05F74027-655E-4665-93F0-E41024E262EA}"
EndProject
Global
	GlobalSection(SolutionConfigurationPlatforms) = preSolution
		Debug|Any CPU = Debug|Any CPU
		Release|Any CPU = Release|Any CPU
	EndGlobalSection
	GlobalSection(ProjectConfigurationPlatforms) = postSolution
		{FF4C5421-9F76-4614-BA98-88730767F468}.Debug|Any CPU.ActiveCfg = Debug|Any CPU
		{FF4C5421-9F76-4614-BA98-88730767F468}.Debug|Any CPU.Build.0 = Debug|Any CPU
		{FF4C5421-9F76-4614-BA98-88730767F468}.Release|Any CPU.ActiveCfg = Release|Any CPU
		{FF4C5421-9F76-4614-BA98-88730767F468}.Release|Any CPU.Build.0 = Release|Any CPU
		{3D420126-3902-4A93-B145-530B53E1E978}.Debug|Any CPU.ActiveCfg = Debug|Any CPU
		{3D420126-3902-4A93-B145-530B53E1E978}.Debug|Any CPU.Build.0 = Debug|Any CPU
		{3D420126-3902-4A93-B145-530B53E1E978}.Release|Any CPU.ActiveCfg = Release|Any CPU
		{3D420126-3902-4A93-B145-530B53E1E978}.Release|Any CPU.Build.0 = Release|Any CPU
		{321772CF-2E92-44BD-A150-82F75268C3A6}.Debug|Any CPU.ActiveCfg = Debug|Any CPU
		{321772CF-2E92-44BD-A150-82F75268C3A6}.Debug|Any CPU.Build.0 = Debug|Any CPU
		{321772CF-2E92-44BD-A150-82F75268C3A6}.Release|Any CPU.ActiveCfg = Release|Any CPU
		{321772CF-2E92-44BD-A150-82F75268C3A6}.Release|Any CPU.Build.0 = Release|Any CPU
		{1B7513A4-EEFB-4B6F-A7C2-C6F864550F8B}.Debug|Any CPU.ActiveCfg = Debug|Any CPU
		{1B7513A4-EEFB-4B6F-A7C2-C6F864550F8B}.Debug|Any CPU.Build.0 = Debug|Any CPU
		{1B7513A4-EEFB-4B6F-A7C2-C6F864550F8B}.Release|Any CPU.ActiveCfg = Release|Any CPU
		{1B7513A4-EEFB-4B6F-A7C2-C6F864550F8B}.Release|Any CPU.Build.0 = Release|Any CPU
		{433CCB3C-43F0-45C2-B401-764A8726D79C}.Debug|Any CPU.ActiveCfg = Debug|Any CPU
		{433CCB3C-43F0-45C2-B401-764A8726D79C}.Debug|Any CPU.Build.0 = Debug|Any CPU
		{433CCB3C-43F0-45C2-B401-764A8726D79C}.Release|Any CPU.ActiveCfg = Release|Any CPU
		{433CCB3C-43F0-45C2-B401-764A8726D79C}.Release|Any CPU.Build.0 = Release|Any CPU
		{05F74027-655E-4665-93F0-E41024E262EA}.Debug|Any CPU.ActiveCfg = Debug|Any CPU
		{05F74027-655E-4665-93F0-E41024E262EA}.Debug|Any CPU.Build.0 = Debug|Any CPU
		{05F74027-655E-4665-93F0-E41024E262EA}.Release|Any CPU.ActiveCfg = Release|Any CPU
		{05F74027-655E-4665-93F0-E41024E262EA}.Release|Any CPU.Build.0 = Release|Any CPU
	EndGlobalSection
	GlobalSection(SolutionProperties) = preSolution
		HideSolutionNode = FALSE
	EndGlobalSection
	GlobalSection(NestedProjects) = preSolution
		{3D420126-3902-4A93-B145-530B53E1E978} = {E5F7FEA4-1B5C-46C8-B1BA-71F8BB1711A5}
		{321772CF-2E92-44BD-A150-82F75268C3A6} = {E5F7FEA4-1B5C-46C8-B1BA-71F8BB1711A5}
		{1B7513A4-EEFB-4B6F-A7C2-C6F864550F8B} = {E5F7FEA4-1B5C-46C8-B1BA-71F8BB1711A5}
		{433CCB3C-43F0-45C2-B401-764A8726D79C} = {E5F7FEA4-1B5C-46C8-B1BA-71F8BB1711A5}
		{05F74027-655E-4665-93F0-E41024E262EA} = {E5F7FEA4-1B5C-46C8-B1BA-71F8BB1711A5}
	EndGlobalSection
	GlobalSection(ExtensibilityGlobals) = postSolution
		SolutionGuid = {0D1AE405-6220-4391-AF55-34029A25CDA8}
	EndGlobalSection
EndGlobal
